// !$*UTF8*$!
{
	archiveVersion = 1;
	classes = {
	};
	objectVersion = 46;
	objects = {

/* Begin PBXBuildFile section */
		175F180D912D8562B199622C /* Pods.framework in Frameworks */ = {isa = PBXBuildFile; fileRef = C45CD5697A538463E84067ED /* Pods.framework */; settings = {ATTRIBUTES = (Weak, ); }; };
		9C06CADE1B34C75C0056CC5F /* NavTabButtonCell.xib in Resources */ = {isa = PBXBuildFile; fileRef = 9C06CADD1B34C75C0056CC5F /* NavTabButtonCell.xib */; };
		9C06CAE01B34C95E0056CC5F /* SessionsViewController.swift in Sources */ = {isa = PBXBuildFile; fileRef = 9C06CADF1B34C95E0056CC5F /* SessionsViewController.swift */; };
		9C06CAE61B34D4160056CC5F /* SessionCell.swift in Sources */ = {isa = PBXBuildFile; fileRef = 9C06CAE51B34D4160056CC5F /* SessionCell.swift */; };
		9C0EA66A1B34AD3B0099337C /* Podfile in Resources */ = {isa = PBXBuildFile; fileRef = 9C0EA6691B34AD3B0099337C /* Podfile */; };
		9C10A0CF1AB186490052C730 /* AppDelegate.swift in Sources */ = {isa = PBXBuildFile; fileRef = 9C10A0CE1AB186490052C730 /* AppDelegate.swift */; };
		9C10A0D61AB186490052C730 /* Main.storyboard in Resources */ = {isa = PBXBuildFile; fileRef = 9C10A0D41AB186490052C730 /* Main.storyboard */; };
		9C10A0D81AB186490052C730 /* Images.xcassets in Resources */ = {isa = PBXBuildFile; fileRef = 9C10A0D71AB186490052C730 /* Images.xcassets */; };
		9C10A0DB1AB186490052C730 /* LaunchScreen.xib in Resources */ = {isa = PBXBuildFile; fileRef = 9C10A0D91AB186490052C730 /* LaunchScreen.xib */; };
		9C10A0E71AB186490052C730 /* EventBlankTests.swift in Sources */ = {isa = PBXBuildFile; fileRef = 9C10A0E61AB186490052C730 /* EventBlankTests.swift */; };
		9C10A1081AB188C80052C730 /* Ext.swift in Sources */ = {isa = PBXBuildFile; fileRef = 9C10A1071AB188C80052C730 /* Ext.swift */; };
		9C1567A91B36ADF000C3BA74 /* Schedule.swift in Sources */ = {isa = PBXBuildFile; fileRef = 9C1567A81B36ADF000C3BA74 /* Schedule.swift */; };
		9C1C821A1B3C03AA0002A4D1 /* SessionDetailsCell.swift in Sources */ = {isa = PBXBuildFile; fileRef = 9C1C82191B3C03AA0002A4D1 /* SessionDetailsCell.swift */; };
		9C1C82221B3C04400002A4D1 /* SessionDetailsViewController.swift in Sources */ = {isa = PBXBuildFile; fileRef = 9C1C82211B3C04400002A4D1 /* SessionDetailsViewController.swift */; };
		9C2D60B51B5AFA0600CD38BB /* CocoaMarkdown.framework in Frameworks */ = {isa = PBXBuildFile; fileRef = 9CAECFBE1B4ED511009F3D2F /* CocoaMarkdown.framework */; };
		9C2D60B61B5AFA0600CD38BB /* CocoaMarkdown.framework in CopyFiles */ = {isa = PBXBuildFile; fileRef = 9CAECFBE1B4ED511009F3D2F /* CocoaMarkdown.framework */; settings = {ATTRIBUTES = (CodeSignOnCopy, RemoveHeadersOnCopy, ); }; };
		9C32BF641B4FE99A00196B19 /* TweetListViewController.swift in Sources */ = {isa = PBXBuildFile; fileRef = 9C32BF631B4FE99A00196B19 /* TweetListViewController.swift */; };
		9C330C831B34B005002A0D1E /* AF+Date+Extension.swift in Sources */ = {isa = PBXBuildFile; fileRef = 9C330C821B34B005002A0D1E /* AF+Date+Extension.swift */; };
		9C330C851B34B07C002A0D1E /* TextConfig.swift in Sources */ = {isa = PBXBuildFile; fileRef = 9C330C841B34B07C002A0D1E /* TextConfig.swift */; };
		9C330C871B34B08B002A0D1E /* EventConfig.swift in Sources */ = {isa = PBXBuildFile; fileRef = 9C330C861B34B08B002A0D1E /* EventConfig.swift */; };
		9C330C891B34B094002A0D1E /* Session.swift in Sources */ = {isa = PBXBuildFile; fileRef = 9C330C881B34B094002A0D1E /* Session.swift */; };
		9C330C8B1B34B09E002A0D1E /* LocationConfig.swift in Sources */ = {isa = PBXBuildFile; fileRef = 9C330C8A1B34B09E002A0D1E /* LocationConfig.swift */; };
		9C330C8D1B34B0A4002A0D1E /* EntityConfig.swift in Sources */ = {isa = PBXBuildFile; fileRef = 9C330C8C1B34B0A4002A0D1E /* EntityConfig.swift */; };
		9C330C8F1B34B0AA002A0D1E /* Track.swift in Sources */ = {isa = PBXBuildFile; fileRef = 9C330C8E1B34B0AA002A0D1E /* Track.swift */; };
		9C330C911B34B0AF002A0D1E /* Speaker.swift in Sources */ = {isa = PBXBuildFile; fileRef = 9C330C901B34B0AF002A0D1E /* Speaker.swift */; };
		9C330C9A1B34B122002A0D1E /* DatabaseProvider.swift in Sources */ = {isa = PBXBuildFile; fileRef = 9C330C991B34B122002A0D1E /* DatabaseProvider.swift */; };
		9C330C9E1B34B146002A0D1E /* ChatConfig.swift in Sources */ = {isa = PBXBuildFile; fileRef = 9C330C9D1B34B146002A0D1E /* ChatConfig.swift */; };
		9C330CA01B34B14B002A0D1E /* ChatController.swift in Sources */ = {isa = PBXBuildFile; fileRef = 9C330C9F1B34B14B002A0D1E /* ChatController.swift */; };
		9C330CA21B34B159002A0D1E /* ChatViewController.swift in Sources */ = {isa = PBXBuildFile; fileRef = 9C330CA11B34B159002A0D1E /* ChatViewController.swift */; };
		9C330CA51B34B164002A0D1E /* UserConfig.swift in Sources */ = {isa = PBXBuildFile; fileRef = 9C330CA31B34B164002A0D1E /* UserConfig.swift */; };
		9C330CA61B34B164002A0D1E /* UserModel.swift in Sources */ = {isa = PBXBuildFile; fileRef = 9C330CA41B34B164002A0D1E /* UserModel.swift */; };
		9C330CA91B34B173002A0D1E /* NewsConfig.swift in Sources */ = {isa = PBXBuildFile; fileRef = 9C330CA71B34B173002A0D1E /* NewsConfig.swift */; };
		9C330CAA1B34B173002A0D1E /* NewsController.swift in Sources */ = {isa = PBXBuildFile; fileRef = 9C330CA81B34B173002A0D1E /* NewsController.swift */; };
		9C330CAC1B34B179002A0D1E /* NewsViewController.swift in Sources */ = {isa = PBXBuildFile; fileRef = 9C330CAB1B34B179002A0D1E /* NewsViewController.swift */; };
		9C330CAE1B34B18F002A0D1E /* SpeakersViewController.swift in Sources */ = {isa = PBXBuildFile; fileRef = 9C330CAD1B34B18F002A0D1E /* SpeakersViewController.swift */; };
		9C330CB01B34B198002A0D1E /* UserController.swift in Sources */ = {isa = PBXBuildFile; fileRef = 9C330CAF1B34B198002A0D1E /* UserController.swift */; };
		9C330CB41B34B1BF002A0D1E /* TwitterController.swift in Sources */ = {isa = PBXBuildFile; fileRef = 9C330CB21B34B1BF002A0D1E /* TwitterController.swift */; };
		9C330CB51B34B1BF002A0D1E /* TweetModel.swift in Sources */ = {isa = PBXBuildFile; fileRef = 9C330CB31B34B1BF002A0D1E /* TweetModel.swift */; };
		9C330CB81B34B1FC002A0D1E /* Config.swift in Sources */ = {isa = PBXBuildFile; fileRef = 9C330CB71B34B1FC002A0D1E /* Config.swift */; };
		9C3487CC1B88C48300FB0973 /* UIView+Extensions.swift in Sources */ = {isa = PBXBuildFile; fileRef = 9C3487CB1B88C48300FB0973 /* UIView+Extensions.swift */; };
		9C34BB7A1B5D83FF00C888A6 /* TweetComposeViewController.swift in Sources */ = {isa = PBXBuildFile; fileRef = 9C34BB791B5D83FF00C888A6 /* TweetComposeViewController.swift */; };
		9C34BB8B1B5D85FA00C888A6 /* FontAwesome+UIBarButtonItem.swift in Sources */ = {isa = PBXBuildFile; fileRef = 9C34BB841B5D85FA00C888A6 /* FontAwesome+UIBarButtonItem.swift */; };
		9C34BB8C1B5D85FA00C888A6 /* FontAwesome+UIButton.swift in Sources */ = {isa = PBXBuildFile; fileRef = 9C34BB851B5D85FA00C888A6 /* FontAwesome+UIButton.swift */; };
		9C34BB8D1B5D85FA00C888A6 /* FontAwesome+UIFont.swift in Sources */ = {isa = PBXBuildFile; fileRef = 9C34BB861B5D85FA00C888A6 /* FontAwesome+UIFont.swift */; };
		9C34BB8E1B5D85FA00C888A6 /* FontAwesome+UIImage.swift in Sources */ = {isa = PBXBuildFile; fileRef = 9C34BB871B5D85FA00C888A6 /* FontAwesome+UIImage.swift */; };
		9C34BB8F1B5D85FA00C888A6 /* FontAwesome+UILabel.swift in Sources */ = {isa = PBXBuildFile; fileRef = 9C34BB881B5D85FA00C888A6 /* FontAwesome+UILabel.swift */; };
		9C34BB901B5D85FA00C888A6 /* FontAwesome.swift in Sources */ = {isa = PBXBuildFile; fileRef = 9C34BB891B5D85FA00C888A6 /* FontAwesome.swift */; };
		9C34BB911B5D85FA00C888A6 /* fontawesome.ttf in Resources */ = {isa = PBXBuildFile; fileRef = 9C34BB8A1B5D85FA00C888A6 /* fontawesome.ttf */; };
		9C4653D21B938C4800E7F744 /* NSSpain15.eventblank in Resources */ = {isa = PBXBuildFile; fileRef = 9C4653D11B938C4800E7F744 /* NSSpain15.eventblank */; };
		9C5057381B5AE42000D71885 /* ViewController+Extensions.swift in Sources */ = {isa = PBXBuildFile; fileRef = 9C5057371B5AE42000D71885 /* ViewController+Extensions.swift */; };
		9C51200B1B943458003A5DB4 /* CREDITS.txt in Resources */ = {isa = PBXBuildFile; fileRef = 9C51200A1B943458003A5DB4 /* CREDITS.txt */; };
		9C624FE71B53A4E600C84168 /* FreshFile.swift in Sources */ = {isa = PBXBuildFile; fileRef = 9C624FE61B53A4E600C84168 /* FreshFile.swift */; };
		9C624FE91B53AE6200C84168 /* FilePath.swift in Sources */ = {isa = PBXBuildFile; fileRef = 9C624FE81B53AE6200C84168 /* FilePath.swift */; };
		9C624FED1B53BA9B00C84168 /* UpdateManager.swift in Sources */ = {isa = PBXBuildFile; fileRef = 9C624FEC1B53BA9B00C84168 /* UpdateManager.swift */; };
		9C624FEF1B53CDE300C84168 /* OrderedMap.swift in Sources */ = {isa = PBXBuildFile; fileRef = 9C624FEE1B53CDE300C84168 /* OrderedMap.swift */; };
		9C6CD5111B58F99F00B62C36 /* StatusBarDownloadProgressView.swift in Sources */ = {isa = PBXBuildFile; fileRef = 9C6CD5101B58F99F00B62C36 /* StatusBarDownloadProgressView.swift */; };
		9C6EFA361B3AFBFC00FE7A72 /* MoreViewController.swift in Sources */ = {isa = PBXBuildFile; fileRef = 9C6EFA351B3AFBFC00FE7A72 /* MoreViewController.swift */; };
		9C6EFA381B3AFF4E00FE7A72 /* MDViewController.swift in Sources */ = {isa = PBXBuildFile; fileRef = 9C6EFA371B3AFF4E00FE7A72 /* MDViewController.swift */; };
		9C7F1C441B91FDD4008CE136 /* MainViewController.swift in Sources */ = {isa = PBXBuildFile; fileRef = 9C7F1C431B91FDD4008CE136 /* MainViewController.swift */; };
		9C8AC0101BA1688F006B980F /* FeedViewController+Pager.swift in Sources */ = {isa = PBXBuildFile; fileRef = 9C8AC00F1BA1688F006B980F /* FeedViewController+Pager.swift */; };
		9C8AC0171BA16F8E006B980F /* UIImage+Extension.swift in Sources */ = {isa = PBXBuildFile; fileRef = 9C8AC0161BA16F8E006B980F /* UIImage+Extension.swift */; };
		9C8AC0191BA1E900006B980F /* EATabbarController.swift in Sources */ = {isa = PBXBuildFile; fileRef = 9C8AC0181BA1E900006B980F /* EATabbarController.swift */; };
		9C8E49581B8A139000A5FA8D /* PhotoPopupView.swift in Sources */ = {isa = PBXBuildFile; fileRef = 9C8E49571B8A139000A5FA8D /* PhotoPopupView.swift */; };
		9C8E495A1B8A788A00A5FA8D /* FollowTwitterButton.swift in Sources */ = {isa = PBXBuildFile; fileRef = 9C8E49591B8A788A00A5FA8D /* FollowTwitterButton.swift */; };
		9C8FCA9A1B40881300EFE8B8 /* Pods-acknowledgements.plist in Resources */ = {isa = PBXBuildFile; fileRef = 9C8FCA991B40881300EFE8B8 /* Pods-acknowledgements.plist */; };
		9C8FCAA21B4089FC00EFE8B8 /* CreditViewController.swift in Sources */ = {isa = PBXBuildFile; fileRef = 9C8FCAA11B4089FC00EFE8B8 /* CreditViewController.swift */; };
		9C8FCAA51B408BE100EFE8B8 /* credits.markdown in Sources */ = {isa = PBXBuildFile; fileRef = 9C8FCAA31B408A0F00EFE8B8 /* credits.markdown */; };
		9C8FCAA71B408C0D00EFE8B8 /* credits.markdown in Resources */ = {isa = PBXBuildFile; fileRef = 9C8FCAA31B408A0F00EFE8B8 /* credits.markdown */; };
		9CA0F7221B37475A0054197F /* SQLite+Extensions.swift in Sources */ = {isa = PBXBuildFile; fileRef = 9CA0F7211B37475A0054197F /* SQLite+Extensions.swift */; };
		9CA0F7261B374C8F0054197F /* WebViewController.swift in Sources */ = {isa = PBXBuildFile; fileRef = 9CA0F7251B374C8F0054197F /* WebViewController.swift */; };
		9CA0F7281B37504F0054197F /* TabStripNavigationController.swift in Sources */ = {isa = PBXBuildFile; fileRef = 9CA0F7271B37504F0054197F /* TabStripNavigationController.swift */; };
		9CA0F72A1B375E960054197F /* RefreshView.swift in Sources */ = {isa = PBXBuildFile; fileRef = 9CA0F7291B375E960054197F /* RefreshView.swift */; };
		9CAECFCF1B4ED651009F3D2F /* event-data.eventblank in Resources */ = {isa = PBXBuildFile; fileRef = 9CAECFCE1B4ED651009F3D2F /* event-data.eventblank */; };
		9CC051951B34BE710024033A /* ScheduleViewController.swift in Sources */ = {isa = PBXBuildFile; fileRef = 9CC051941B34BE710024033A /* ScheduleViewController.swift */; };
		9CC44CDD1B36C1D60026564D /* Favorite.swift in Sources */ = {isa = PBXBuildFile; fileRef = 9CC44CDC1B36C1D60026564D /* Favorite.swift */; };
		9CC44CDF1B36C47D0026564D /* appdata.db in Resources */ = {isa = PBXBuildFile; fileRef = 9CC44CDE1B36C47D0026564D /* appdata.db */; };
		9CC44CE31B36CF260026564D /* FeedViewController.swift in Sources */ = {isa = PBXBuildFile; fileRef = 9CC44CE21B36CF260026564D /* FeedViewController.swift */; };
		9CCE95391B9F817F00F9D126 /* EANavigationController.swift in Sources */ = {isa = PBXBuildFile; fileRef = 9CCE95381B9F817F00F9D126 /* EANavigationController.swift */; };
		9CD078001B3BF7FF008DB96C /* MessageView.swift in Sources */ = {isa = PBXBuildFile; fileRef = 9CD077FF1B3BF7FF008DB96C /* MessageView.swift */; };
		9CD4317F1B3BDE0D00B2E7E1 /* markdown.html in Resources */ = {isa = PBXBuildFile; fileRef = 9CD4317E1B3BDE0D00B2E7E1 /* markdown.html */; };
		9CDF8C6E1B37FDD800CDD2B8 /* TweetCell.swift in Sources */ = {isa = PBXBuildFile; fileRef = 9CDF8C6D1B37FDD800CDD2B8 /* TweetCell.swift */; };
		9CF717E81B3836180093C636 /* SpeakerCell.swift in Sources */ = {isa = PBXBuildFile; fileRef = 9CF717E71B3836180093C636 /* SpeakerCell.swift */; };
		9CF717EA1B383C5A0093C636 /* String.swift in Sources */ = {isa = PBXBuildFile; fileRef = 9CF717E91B383C5A0093C636 /* String.swift */; };
		9CF717EC1B3842BB0093C636 /* SpeakerDetailsViewController.swift in Sources */ = {isa = PBXBuildFile; fileRef = 9CF717EB1B3842BB0093C636 /* SpeakerDetailsViewController.swift */; };
		9CF717EE1B3844EA0093C636 /* SpeakerDetailsCell.swift in Sources */ = {isa = PBXBuildFile; fileRef = 9CF717ED1B3844EA0093C636 /* SpeakerDetailsCell.swift */; };
		9CF717F01B384A750093C636 /* Notification.swift in Sources */ = {isa = PBXBuildFile; fileRef = 9CF717EF1B384A750093C636 /* Notification.swift */; };
/* End PBXBuildFile section */

/* Begin PBXContainerItemProxy section */
		9C10A0E11AB186490052C730 /* PBXContainerItemProxy */ = {
			isa = PBXContainerItemProxy;
			containerPortal = 9C10A0C11AB186490052C730 /* Project object */;
			proxyType = 1;
			remoteGlobalIDString = 9C10A0C81AB186490052C730;
			remoteInfo = EventBlank;
		};
		9C2D60B71B5AFA0600CD38BB /* PBXContainerItemProxy */ = {
			isa = PBXContainerItemProxy;
			containerPortal = 9CAECFB21B4ED510009F3D2F /* CocoaMarkdown.xcodeproj */;
			proxyType = 1;
			remoteGlobalIDString = 729F53D91A68641400CC7448;
			remoteInfo = "CocoaMarkdown-iOS";
		};
		9CAECFBD1B4ED511009F3D2F /* PBXContainerItemProxy */ = {
			isa = PBXContainerItemProxy;
			containerPortal = 9CAECFB21B4ED510009F3D2F /* CocoaMarkdown.xcodeproj */;
			proxyType = 2;
			remoteGlobalIDString = 729F53DA1A68641400CC7448;
			remoteInfo = "CocoaMarkdown-iOS";
		};
		9CAECFBF1B4ED511009F3D2F /* PBXContainerItemProxy */ = {
			isa = PBXContainerItemProxy;
			containerPortal = 9CAECFB21B4ED510009F3D2F /* CocoaMarkdown.xcodeproj */;
			proxyType = 2;
			remoteGlobalIDString = 729F53E51A68641400CC7448;
			remoteInfo = "CocoaMarkdownTests-iOS";
		};
		9CAECFC11B4ED511009F3D2F /* PBXContainerItemProxy */ = {
			isa = PBXContainerItemProxy;
			containerPortal = 9CAECFB21B4ED510009F3D2F /* CocoaMarkdown.xcodeproj */;
			proxyType = 2;
			remoteGlobalIDString = 729F53FB1A68649200CC7448;
			remoteInfo = "CocoaMarkdown-Mac";
		};
		9CAECFC31B4ED511009F3D2F /* PBXContainerItemProxy */ = {
			isa = PBXContainerItemProxy;
			containerPortal = 9CAECFB21B4ED510009F3D2F /* CocoaMarkdown.xcodeproj */;
			proxyType = 2;
			remoteGlobalIDString = 729F54051A68649200CC7448;
			remoteInfo = "CocoaMarkdownTests-Mac";
		};
		9CAECFC51B4ED511009F3D2F /* PBXContainerItemProxy */ = {
			isa = PBXContainerItemProxy;
			containerPortal = 9CAECFB21B4ED510009F3D2F /* CocoaMarkdown.xcodeproj */;
			proxyType = 2;
			remoteGlobalIDString = 72FE7EC91A68692400F23F46;
			remoteInfo = "Example-iOS";
		};
		9CAECFC71B4ED511009F3D2F /* PBXContainerItemProxy */ = {
			isa = PBXContainerItemProxy;
			containerPortal = 9CAECFB21B4ED510009F3D2F /* CocoaMarkdown.xcodeproj */;
			proxyType = 2;
			remoteGlobalIDString = 72FE7EF41A68695100F23F46;
			remoteInfo = "Example-Mac";
		};
/* End PBXContainerItemProxy section */

/* Begin PBXCopyFilesBuildPhase section */
		9C10A1031AB188120052C730 /* CopyFiles */ = {
			isa = PBXCopyFilesBuildPhase;
			buildActionMask = 2147483647;
			dstPath = "";
			dstSubfolderSpec = 10;
			files = (
				9C2D60B61B5AFA0600CD38BB /* CocoaMarkdown.framework in CopyFiles */,
			);
			runOnlyForDeploymentPostprocessing = 0;
		};
/* End PBXCopyFilesBuildPhase section */

/* Begin PBXFileReference section */
		106062F49854E430EC4B1FC5 /* Pods.release.xcconfig */ = {isa = PBXFileReference; includeInIndex = 1; lastKnownFileType = text.xcconfig; name = Pods.release.xcconfig; path = "Pods/Target Support Files/Pods/Pods.release.xcconfig"; sourceTree = "<group>"; };
		9C06CADD1B34C75C0056CC5F /* NavTabButtonCell.xib */ = {isa = PBXFileReference; fileEncoding = 4; lastKnownFileType = file.xib; path = NavTabButtonCell.xib; sourceTree = "<group>"; };
		9C06CADF1B34C95E0056CC5F /* SessionsViewController.swift */ = {isa = PBXFileReference; fileEncoding = 4; lastKnownFileType = sourcecode.swift; path = SessionsViewController.swift; sourceTree = "<group>"; };
		9C06CAE51B34D4160056CC5F /* SessionCell.swift */ = {isa = PBXFileReference; fileEncoding = 4; lastKnownFileType = sourcecode.swift; path = SessionCell.swift; sourceTree = "<group>"; };
		9C0EA6691B34AD3B0099337C /* Podfile */ = {isa = PBXFileReference; fileEncoding = 4; lastKnownFileType = text; path = Podfile; sourceTree = "<group>"; xcLanguageSpecificationIdentifier = xcode.lang.ruby; };
		9C10A0C91AB186490052C730 /* EventBlank.app */ = {isa = PBXFileReference; explicitFileType = wrapper.application; includeInIndex = 0; path = EventBlank.app; sourceTree = BUILT_PRODUCTS_DIR; };
		9C10A0CD1AB186490052C730 /* Info.plist */ = {isa = PBXFileReference; lastKnownFileType = text.plist.xml; path = Info.plist; sourceTree = "<group>"; };
		9C10A0CE1AB186490052C730 /* AppDelegate.swift */ = {isa = PBXFileReference; lastKnownFileType = sourcecode.swift; path = AppDelegate.swift; sourceTree = "<group>"; };
		9C10A0D51AB186490052C730 /* Base */ = {isa = PBXFileReference; lastKnownFileType = file.storyboard; name = Base; path = Base.lproj/Main.storyboard; sourceTree = "<group>"; };
		9C10A0D71AB186490052C730 /* Images.xcassets */ = {isa = PBXFileReference; lastKnownFileType = folder.assetcatalog; path = Images.xcassets; sourceTree = "<group>"; };
		9C10A0DA1AB186490052C730 /* Base */ = {isa = PBXFileReference; lastKnownFileType = file.xib; name = Base; path = Base.lproj/LaunchScreen.xib; sourceTree = "<group>"; };
		9C10A0E01AB186490052C730 /* EventBlankTests.xctest */ = {isa = PBXFileReference; explicitFileType = wrapper.cfbundle; includeInIndex = 0; path = EventBlankTests.xctest; sourceTree = BUILT_PRODUCTS_DIR; };
		9C10A0E51AB186490052C730 /* Info.plist */ = {isa = PBXFileReference; lastKnownFileType = text.plist.xml; path = Info.plist; sourceTree = "<group>"; };
		9C10A0E61AB186490052C730 /* EventBlankTests.swift */ = {isa = PBXFileReference; lastKnownFileType = sourcecode.swift; path = EventBlankTests.swift; sourceTree = "<group>"; };
		9C10A1071AB188C80052C730 /* Ext.swift */ = {isa = PBXFileReference; fileEncoding = 4; lastKnownFileType = sourcecode.swift; path = Ext.swift; sourceTree = "<group>"; };
		9C1567A81B36ADF000C3BA74 /* Schedule.swift */ = {isa = PBXFileReference; fileEncoding = 4; lastKnownFileType = sourcecode.swift; path = Schedule.swift; sourceTree = "<group>"; };
		9C1C82191B3C03AA0002A4D1 /* SessionDetailsCell.swift */ = {isa = PBXFileReference; fileEncoding = 4; lastKnownFileType = sourcecode.swift; path = SessionDetailsCell.swift; sourceTree = "<group>"; };
		9C1C82211B3C04400002A4D1 /* SessionDetailsViewController.swift */ = {isa = PBXFileReference; fileEncoding = 4; lastKnownFileType = sourcecode.swift; path = SessionDetailsViewController.swift; sourceTree = "<group>"; };
		9C32BF631B4FE99A00196B19 /* TweetListViewController.swift */ = {isa = PBXFileReference; fileEncoding = 4; lastKnownFileType = sourcecode.swift; path = TweetListViewController.swift; sourceTree = "<group>"; };
		9C330C821B34B005002A0D1E /* AF+Date+Extension.swift */ = {isa = PBXFileReference; fileEncoding = 4; lastKnownFileType = sourcecode.swift; path = "AF+Date+Extension.swift"; sourceTree = "<group>"; };
		9C330C841B34B07C002A0D1E /* TextConfig.swift */ = {isa = PBXFileReference; fileEncoding = 4; lastKnownFileType = sourcecode.swift; path = TextConfig.swift; sourceTree = "<group>"; };
		9C330C861B34B08B002A0D1E /* EventConfig.swift */ = {isa = PBXFileReference; fileEncoding = 4; lastKnownFileType = sourcecode.swift; path = EventConfig.swift; sourceTree = "<group>"; };
		9C330C881B34B094002A0D1E /* Session.swift */ = {isa = PBXFileReference; fileEncoding = 4; lastKnownFileType = sourcecode.swift; path = Session.swift; sourceTree = "<group>"; };
		9C330C8A1B34B09E002A0D1E /* LocationConfig.swift */ = {isa = PBXFileReference; fileEncoding = 4; lastKnownFileType = sourcecode.swift; path = LocationConfig.swift; sourceTree = "<group>"; };
		9C330C8C1B34B0A4002A0D1E /* EntityConfig.swift */ = {isa = PBXFileReference; fileEncoding = 4; lastKnownFileType = sourcecode.swift; path = EntityConfig.swift; sourceTree = "<group>"; };
		9C330C8E1B34B0AA002A0D1E /* Track.swift */ = {isa = PBXFileReference; fileEncoding = 4; lastKnownFileType = sourcecode.swift; path = Track.swift; sourceTree = "<group>"; };
		9C330C901B34B0AF002A0D1E /* Speaker.swift */ = {isa = PBXFileReference; fileEncoding = 4; lastKnownFileType = sourcecode.swift; path = Speaker.swift; sourceTree = "<group>"; };
		9C330C991B34B122002A0D1E /* DatabaseProvider.swift */ = {isa = PBXFileReference; fileEncoding = 4; lastKnownFileType = sourcecode.swift; path = DatabaseProvider.swift; sourceTree = "<group>"; };
		9C330C9D1B34B146002A0D1E /* ChatConfig.swift */ = {isa = PBXFileReference; fileEncoding = 4; lastKnownFileType = sourcecode.swift; path = ChatConfig.swift; sourceTree = "<group>"; };
		9C330C9F1B34B14B002A0D1E /* ChatController.swift */ = {isa = PBXFileReference; fileEncoding = 4; lastKnownFileType = sourcecode.swift; path = ChatController.swift; sourceTree = "<group>"; };
		9C330CA11B34B159002A0D1E /* ChatViewController.swift */ = {isa = PBXFileReference; fileEncoding = 4; lastKnownFileType = sourcecode.swift; path = ChatViewController.swift; sourceTree = "<group>"; };
		9C330CA31B34B164002A0D1E /* UserConfig.swift */ = {isa = PBXFileReference; fileEncoding = 4; lastKnownFileType = sourcecode.swift; path = UserConfig.swift; sourceTree = "<group>"; };
		9C330CA41B34B164002A0D1E /* UserModel.swift */ = {isa = PBXFileReference; fileEncoding = 4; lastKnownFileType = sourcecode.swift; path = UserModel.swift; sourceTree = "<group>"; };
		9C330CA71B34B173002A0D1E /* NewsConfig.swift */ = {isa = PBXFileReference; fileEncoding = 4; lastKnownFileType = sourcecode.swift; path = NewsConfig.swift; sourceTree = "<group>"; };
		9C330CA81B34B173002A0D1E /* NewsController.swift */ = {isa = PBXFileReference; fileEncoding = 4; lastKnownFileType = sourcecode.swift; path = NewsController.swift; sourceTree = "<group>"; };
		9C330CAB1B34B179002A0D1E /* NewsViewController.swift */ = {isa = PBXFileReference; fileEncoding = 4; lastKnownFileType = sourcecode.swift; path = NewsViewController.swift; sourceTree = "<group>"; };
		9C330CAD1B34B18F002A0D1E /* SpeakersViewController.swift */ = {isa = PBXFileReference; fileEncoding = 4; lastKnownFileType = sourcecode.swift; path = SpeakersViewController.swift; sourceTree = "<group>"; };
		9C330CAF1B34B198002A0D1E /* UserController.swift */ = {isa = PBXFileReference; fileEncoding = 4; lastKnownFileType = sourcecode.swift; path = UserController.swift; sourceTree = "<group>"; };
		9C330CB21B34B1BF002A0D1E /* TwitterController.swift */ = {isa = PBXFileReference; fileEncoding = 4; lastKnownFileType = sourcecode.swift; path = TwitterController.swift; sourceTree = "<group>"; };
		9C330CB31B34B1BF002A0D1E /* TweetModel.swift */ = {isa = PBXFileReference; fileEncoding = 4; lastKnownFileType = sourcecode.swift; path = TweetModel.swift; sourceTree = "<group>"; };
		9C330CB71B34B1FC002A0D1E /* Config.swift */ = {isa = PBXFileReference; fileEncoding = 4; lastKnownFileType = sourcecode.swift; path = Config.swift; sourceTree = "<group>"; };
		9C3487CB1B88C48300FB0973 /* UIView+Extensions.swift */ = {isa = PBXFileReference; fileEncoding = 4; lastKnownFileType = sourcecode.swift; path = "UIView+Extensions.swift"; sourceTree = "<group>"; };
		9C34BB791B5D83FF00C888A6 /* TweetComposeViewController.swift */ = {isa = PBXFileReference; fileEncoding = 4; lastKnownFileType = sourcecode.swift; path = TweetComposeViewController.swift; sourceTree = "<group>"; };
		9C34BB841B5D85FA00C888A6 /* FontAwesome+UIBarButtonItem.swift */ = {isa = PBXFileReference; fileEncoding = 4; lastKnownFileType = sourcecode.swift; path = "FontAwesome+UIBarButtonItem.swift"; sourceTree = "<group>"; };
		9C34BB851B5D85FA00C888A6 /* FontAwesome+UIButton.swift */ = {isa = PBXFileReference; fileEncoding = 4; lastKnownFileType = sourcecode.swift; path = "FontAwesome+UIButton.swift"; sourceTree = "<group>"; };
		9C34BB861B5D85FA00C888A6 /* FontAwesome+UIFont.swift */ = {isa = PBXFileReference; fileEncoding = 4; lastKnownFileType = sourcecode.swift; path = "FontAwesome+UIFont.swift"; sourceTree = "<group>"; };
		9C34BB871B5D85FA00C888A6 /* FontAwesome+UIImage.swift */ = {isa = PBXFileReference; fileEncoding = 4; lastKnownFileType = sourcecode.swift; path = "FontAwesome+UIImage.swift"; sourceTree = "<group>"; };
		9C34BB881B5D85FA00C888A6 /* FontAwesome+UILabel.swift */ = {isa = PBXFileReference; fileEncoding = 4; lastKnownFileType = sourcecode.swift; path = "FontAwesome+UILabel.swift"; sourceTree = "<group>"; };
		9C34BB891B5D85FA00C888A6 /* FontAwesome.swift */ = {isa = PBXFileReference; fileEncoding = 4; lastKnownFileType = sourcecode.swift; path = FontAwesome.swift; sourceTree = "<group>"; };
		9C34BB8A1B5D85FA00C888A6 /* fontawesome.ttf */ = {isa = PBXFileReference; lastKnownFileType = file; path = fontawesome.ttf; sourceTree = "<group>"; };
		9C4653D11B938C4800E7F744 /* NSSpain15.eventblank */ = {isa = PBXFileReference; lastKnownFileType = file; name = NSSpain15.eventblank; path = ../../../../EventBlank/NSSpain/EventFileRepo/NSSpain15.eventblank; sourceTree = "<group>"; };
		9C5057371B5AE42000D71885 /* ViewController+Extensions.swift */ = {isa = PBXFileReference; fileEncoding = 4; lastKnownFileType = sourcecode.swift; path = "ViewController+Extensions.swift"; sourceTree = "<group>"; };
		9C51200A1B943458003A5DB4 /* CREDITS.txt */ = {isa = PBXFileReference; fileEncoding = 4; lastKnownFileType = text; path = CREDITS.txt; sourceTree = "<group>"; };
		9C624FE61B53A4E600C84168 /* FreshFile.swift */ = {isa = PBXFileReference; fileEncoding = 4; lastKnownFileType = sourcecode.swift; path = FreshFile.swift; sourceTree = "<group>"; };
		9C624FE81B53AE6200C84168 /* FilePath.swift */ = {isa = PBXFileReference; fileEncoding = 4; lastKnownFileType = sourcecode.swift; path = FilePath.swift; sourceTree = "<group>"; };
		9C624FEC1B53BA9B00C84168 /* UpdateManager.swift */ = {isa = PBXFileReference; fileEncoding = 4; lastKnownFileType = sourcecode.swift; path = UpdateManager.swift; sourceTree = "<group>"; };
		9C624FEE1B53CDE300C84168 /* OrderedMap.swift */ = {isa = PBXFileReference; fileEncoding = 4; lastKnownFileType = sourcecode.swift; path = OrderedMap.swift; sourceTree = "<group>"; };
		9C6CD5101B58F99F00B62C36 /* StatusBarDownloadProgressView.swift */ = {isa = PBXFileReference; fileEncoding = 4; lastKnownFileType = sourcecode.swift; path = StatusBarDownloadProgressView.swift; sourceTree = "<group>"; };
		9C6EFA351B3AFBFC00FE7A72 /* MoreViewController.swift */ = {isa = PBXFileReference; fileEncoding = 4; lastKnownFileType = sourcecode.swift; path = MoreViewController.swift; sourceTree = "<group>"; };
		9C6EFA371B3AFF4E00FE7A72 /* MDViewController.swift */ = {isa = PBXFileReference; fileEncoding = 4; lastKnownFileType = sourcecode.swift; path = MDViewController.swift; sourceTree = "<group>"; };
		9C7F1C431B91FDD4008CE136 /* MainViewController.swift */ = {isa = PBXFileReference; fileEncoding = 4; lastKnownFileType = sourcecode.swift; name = MainViewController.swift; path = Main/MainViewController.swift; sourceTree = "<group>"; };
		9C8AC00F1BA1688F006B980F /* FeedViewController+Pager.swift */ = {isa = PBXFileReference; fileEncoding = 4; lastKnownFileType = sourcecode.swift; path = "FeedViewController+Pager.swift"; sourceTree = "<group>"; };
		9C8AC0161BA16F8E006B980F /* UIImage+Extension.swift */ = {isa = PBXFileReference; fileEncoding = 4; lastKnownFileType = sourcecode.swift; path = "UIImage+Extension.swift"; sourceTree = "<group>"; };
		9C8AC0181BA1E900006B980F /* EATabbarController.swift */ = {isa = PBXFileReference; fileEncoding = 4; lastKnownFileType = sourcecode.swift; path = EATabbarController.swift; sourceTree = "<group>"; };
		9C8E49571B8A139000A5FA8D /* PhotoPopupView.swift */ = {isa = PBXFileReference; fileEncoding = 4; lastKnownFileType = sourcecode.swift; path = PhotoPopupView.swift; sourceTree = "<group>"; };
		9C8E49591B8A788A00A5FA8D /* FollowTwitterButton.swift */ = {isa = PBXFileReference; fileEncoding = 4; lastKnownFileType = sourcecode.swift; path = FollowTwitterButton.swift; sourceTree = "<group>"; };
		9C8FCA991B40881300EFE8B8 /* Pods-acknowledgements.plist */ = {isa = PBXFileReference; fileEncoding = 4; lastKnownFileType = text.plist.xml; name = "Pods-acknowledgements.plist"; path = "Pods/Target Support Files/Pods/Pods-acknowledgements.plist"; sourceTree = "<group>"; };
		9C8FCAA11B4089FC00EFE8B8 /* CreditViewController.swift */ = {isa = PBXFileReference; fileEncoding = 4; lastKnownFileType = sourcecode.swift; path = CreditViewController.swift; sourceTree = "<group>"; };
		9C8FCAA31B408A0F00EFE8B8 /* credits.markdown */ = {isa = PBXFileReference; fileEncoding = 4; lastKnownFileType = net.daringfireball.markdown; path = credits.markdown; sourceTree = "<group>"; };
		9CA0F7211B37475A0054197F /* SQLite+Extensions.swift */ = {isa = PBXFileReference; fileEncoding = 4; lastKnownFileType = sourcecode.swift; path = "SQLite+Extensions.swift"; sourceTree = "<group>"; };
		9CA0F7251B374C8F0054197F /* WebViewController.swift */ = {isa = PBXFileReference; fileEncoding = 4; lastKnownFileType = sourcecode.swift; path = WebViewController.swift; sourceTree = "<group>"; };
		9CA0F7271B37504F0054197F /* TabStripNavigationController.swift */ = {isa = PBXFileReference; fileEncoding = 4; lastKnownFileType = sourcecode.swift; path = TabStripNavigationController.swift; sourceTree = "<group>"; };
		9CA0F7291B375E960054197F /* RefreshView.swift */ = {isa = PBXFileReference; fileEncoding = 4; lastKnownFileType = sourcecode.swift; path = RefreshView.swift; sourceTree = "<group>"; };
		9CAECFB21B4ED510009F3D2F /* CocoaMarkdown.xcodeproj */ = {isa = PBXFileReference; lastKnownFileType = "wrapper.pb-project"; path = CocoaMarkdown.xcodeproj; sourceTree = "<group>"; };
		9CAECFCE1B4ED651009F3D2F /* event-data.eventblank */ = {isa = PBXFileReference; lastKnownFileType = file; path = "event-data.eventblank"; sourceTree = "<group>"; };
		9CC051941B34BE710024033A /* ScheduleViewController.swift */ = {isa = PBXFileReference; fileEncoding = 4; lastKnownFileType = sourcecode.swift; path = ScheduleViewController.swift; sourceTree = "<group>"; };
		9CC44CDC1B36C1D60026564D /* Favorite.swift */ = {isa = PBXFileReference; fileEncoding = 4; lastKnownFileType = sourcecode.swift; path = Favorite.swift; sourceTree = "<group>"; };
		9CC44CDE1B36C47D0026564D /* appdata.db */ = {isa = PBXFileReference; lastKnownFileType = file; path = appdata.db; sourceTree = "<group>"; };
		9CC44CE21B36CF260026564D /* FeedViewController.swift */ = {isa = PBXFileReference; fileEncoding = 4; lastKnownFileType = sourcecode.swift; path = FeedViewController.swift; sourceTree = "<group>"; };
		9CCE95381B9F817F00F9D126 /* EANavigationController.swift */ = {isa = PBXFileReference; fileEncoding = 4; lastKnownFileType = sourcecode.swift; path = EANavigationController.swift; sourceTree = "<group>"; };
		9CD077FF1B3BF7FF008DB96C /* MessageView.swift */ = {isa = PBXFileReference; fileEncoding = 4; lastKnownFileType = sourcecode.swift; path = MessageView.swift; sourceTree = "<group>"; };
		9CD4317E1B3BDE0D00B2E7E1 /* markdown.html */ = {isa = PBXFileReference; fileEncoding = 4; lastKnownFileType = text.html; path = markdown.html; sourceTree = "<group>"; };
		9CDF8C6D1B37FDD800CDD2B8 /* TweetCell.swift */ = {isa = PBXFileReference; fileEncoding = 4; lastKnownFileType = sourcecode.swift; path = TweetCell.swift; sourceTree = "<group>"; };
		9CF717E71B3836180093C636 /* SpeakerCell.swift */ = {isa = PBXFileReference; fileEncoding = 4; lastKnownFileType = sourcecode.swift; path = SpeakerCell.swift; sourceTree = "<group>"; };
		9CF717E91B383C5A0093C636 /* String.swift */ = {isa = PBXFileReference; fileEncoding = 4; lastKnownFileType = sourcecode.swift; path = String.swift; sourceTree = "<group>"; };
		9CF717EB1B3842BB0093C636 /* SpeakerDetailsViewController.swift */ = {isa = PBXFileReference; fileEncoding = 4; lastKnownFileType = sourcecode.swift; path = SpeakerDetailsViewController.swift; sourceTree = "<group>"; };
		9CF717ED1B3844EA0093C636 /* SpeakerDetailsCell.swift */ = {isa = PBXFileReference; fileEncoding = 4; lastKnownFileType = sourcecode.swift; path = SpeakerDetailsCell.swift; sourceTree = "<group>"; };
		9CF717EF1B384A750093C636 /* Notification.swift */ = {isa = PBXFileReference; fileEncoding = 4; lastKnownFileType = sourcecode.swift; path = Notification.swift; sourceTree = "<group>"; };
		B2F9D2E5254DB9D7F95D6C03 /* Pods.debug.xcconfig */ = {isa = PBXFileReference; includeInIndex = 1; lastKnownFileType = text.xcconfig; name = Pods.debug.xcconfig; path = "Pods/Target Support Files/Pods/Pods.debug.xcconfig"; sourceTree = "<group>"; };
		C45CD5697A538463E84067ED /* Pods.framework */ = {isa = PBXFileReference; explicitFileType = wrapper.framework; includeInIndex = 0; path = Pods.framework; sourceTree = BUILT_PRODUCTS_DIR; };
/* End PBXFileReference section */

/* Begin PBXFrameworksBuildPhase section */
		9C10A0C61AB186490052C730 /* Frameworks */ = {
			isa = PBXFrameworksBuildPhase;
			buildActionMask = 2147483647;
			files = (
				9C2D60B51B5AFA0600CD38BB /* CocoaMarkdown.framework in Frameworks */,
				175F180D912D8562B199622C /* Pods.framework in Frameworks */,
			);
			runOnlyForDeploymentPostprocessing = 0;
		};
		9C10A0DD1AB186490052C730 /* Frameworks */ = {
			isa = PBXFrameworksBuildPhase;
			buildActionMask = 2147483647;
			files = (
			);
			runOnlyForDeploymentPostprocessing = 0;
		};
/* End PBXFrameworksBuildPhase section */

/* Begin PBXGroup section */
		0FA82B942EEAD9F107A27BCD /* Frameworks */ = {
			isa = PBXGroup;
			children = (
				C45CD5697A538463E84067ED /* Pods.framework */,
			);
			name = Frameworks;
			sourceTree = "<group>";
		};
		35DBFCB16B5AAA42B36B5CEB /* Pods */ = {
			isa = PBXGroup;
			children = (
				B2F9D2E5254DB9D7F95D6C03 /* Pods.debug.xcconfig */,
				106062F49854E430EC4B1FC5 /* Pods.release.xcconfig */,
			);
			name = Pods;
			sourceTree = "<group>";
		};
		9C10A0C01AB186490052C730 = {
			isa = PBXGroup;
			children = (
				9C51200A1B943458003A5DB4 /* CREDITS.txt */,
				9CAECFCD1B4ED633009F3D2F /* __EventFile */,
				9C0EA6691B34AD3B0099337C /* Podfile */,
				9C8FCA991B40881300EFE8B8 /* Pods-acknowledgements.plist */,
				9C330CB61B34B1E9002A0D1E /* Configuration */,
				9C330C751B34AF37002A0D1E /* Extensions */,
				9C330C741B34AF32002A0D1E /* Vendor */,
				9C330C731B34AF2C002A0D1E /* Assets */,
				9C10A0CB1AB186490052C730 /* EventBlank */,
				9C10A0E31AB186490052C730 /* EventBlankTests */,
				9C10A0CA1AB186490052C730 /* Products */,
				35DBFCB16B5AAA42B36B5CEB /* Pods */,
				0FA82B942EEAD9F107A27BCD /* Frameworks */,
			);
			sourceTree = "<group>";
		};
		9C10A0CA1AB186490052C730 /* Products */ = {
			isa = PBXGroup;
			children = (
				9C10A0C91AB186490052C730 /* EventBlank.app */,
				9C10A0E01AB186490052C730 /* EventBlankTests.xctest */,
			);
			name = Products;
			sourceTree = "<group>";
		};
		9C10A0CB1AB186490052C730 /* EventBlank */ = {
			isa = PBXGroup;
			children = (
				9C288D3F1B5983E9003BB13D /* Updates */,
				9C330C771B34AFA2002A0D1E /* ViewControllers */,
				9C330C761B34AF9B002A0D1E /* Entities */,
				9C624FDD1B53A49200C84168 /* Util */,
				9C10A0CE1AB186490052C730 /* AppDelegate.swift */,
				9C10A0D41AB186490052C730 /* Main.storyboard */,
				9C10A0D71AB186490052C730 /* Images.xcassets */,
				9C10A0D91AB186490052C730 /* LaunchScreen.xib */,
				9C10A0CC1AB186490052C730 /* Supporting Files */,
			);
			path = EventBlank;
			sourceTree = "<group>";
		};
		9C10A0CC1AB186490052C730 /* Supporting Files */ = {
			isa = PBXGroup;
			children = (
				9C10A0CD1AB186490052C730 /* Info.plist */,
			);
			path = "Supporting Files";
			sourceTree = "<group>";
		};
		9C10A0E31AB186490052C730 /* EventBlankTests */ = {
			isa = PBXGroup;
			children = (
				9C10A0E61AB186490052C730 /* EventBlankTests.swift */,
				9C10A0E41AB186490052C730 /* Supporting Files */,
			);
			path = EventBlankTests;
			sourceTree = "<group>";
		};
		9C10A0E41AB186490052C730 /* Supporting Files */ = {
			isa = PBXGroup;
			children = (
				9C10A0E51AB186490052C730 /* Info.plist */,
			);
			path = "Supporting Files";
			sourceTree = "<group>";
		};
		9C1C82231B3C060B0002A4D1 /* Sessions */ = {
			isa = PBXGroup;
			children = (
				9C06CADF1B34C95E0056CC5F /* SessionsViewController.swift */,
				9C06CAE51B34D4160056CC5F /* SessionCell.swift */,
				9CD077FF1B3BF7FF008DB96C /* MessageView.swift */,
			);
			path = Sessions;
			sourceTree = "<group>";
		};
		9C1C82241B3C06100002A4D1 /* SessionDetails */ = {
			isa = PBXGroup;
			children = (
				9C1C82211B3C04400002A4D1 /* SessionDetailsViewController.swift */,
				9C1C82191B3C03AA0002A4D1 /* SessionDetailsCell.swift */,
			);
			path = SessionDetails;
			sourceTree = "<group>";
		};
		9C288D3F1B5983E9003BB13D /* Updates */ = {
			isa = PBXGroup;
			children = (
				9C624FEC1B53BA9B00C84168 /* UpdateManager.swift */,
				9C624FE61B53A4E600C84168 /* FreshFile.swift */,
				9C624FE81B53AE6200C84168 /* FilePath.swift */,
				9C624FEE1B53CDE300C84168 /* OrderedMap.swift */,
				9C6CD5101B58F99F00B62C36 /* StatusBarDownloadProgressView.swift */,
			);
			path = Updates;
			sourceTree = "<group>";
		};
		9C330C731B34AF2C002A0D1E /* Assets */ = {
			isa = PBXGroup;
			children = (
				9CC44CDE1B36C47D0026564D /* appdata.db */,
			);
			path = Assets;
			sourceTree = "<group>";
		};
		9C330C741B34AF32002A0D1E /* Vendor */ = {
			isa = PBXGroup;
			children = (
				9C34BB831B5D85FA00C888A6 /* Swift-Font-Awesome */,
				9CAECFB11B4ED4F0009F3D2F /* CocoaMarkdown */,
				9CA0F7291B375E960054197F /* RefreshView.swift */,
			);
			path = Vendor;
			sourceTree = "<group>";
		};
		9C330C751B34AF37002A0D1E /* Extensions */ = {
			isa = PBXGroup;
			children = (
				9C330C821B34B005002A0D1E /* AF+Date+Extension.swift */,
				9C10A1071AB188C80052C730 /* Ext.swift */,
				9CA0F7211B37475A0054197F /* SQLite+Extensions.swift */,
				9CF717E91B383C5A0093C636 /* String.swift */,
				9CF717EF1B384A750093C636 /* Notification.swift */,
				9C5057371B5AE42000D71885 /* ViewController+Extensions.swift */,
				9C3487CB1B88C48300FB0973 /* UIView+Extensions.swift */,
				9C8AC0161BA16F8E006B980F /* UIImage+Extension.swift */,
			);
			path = Extensions;
			sourceTree = "<group>";
		};
		9C330C761B34AF9B002A0D1E /* Entities */ = {
			isa = PBXGroup;
			children = (
				9CC44CDB1B36C1C80026564D /* Favorite */,
				9C330C991B34B122002A0D1E /* DatabaseProvider.swift */,
				9C330C8C1B34B0A4002A0D1E /* EntityConfig.swift */,
				9C330CB11B34B1B8002A0D1E /* Tweets */,
				9C330C9C1B34B136002A0D1E /* Chat */,
				9C330C9B1B34B132002A0D1E /* News */,
				9C330C981B34B0ED002A0D1E /* Users */,
				9C330C971B34B0E9002A0D1E /* Texts */,
				9C330C961B34B0E5002A0D1E /* Events */,
				9C330C951B34B0DF002A0D1E /* Sessions */,
				9C330C941B34B0DA002A0D1E /* Locations */,
				9C330C931B34B0D5002A0D1E /* Tracks */,
				9C330C921B34B0D0002A0D1E /* Speakers */,
			);
			path = Entities;
			sourceTree = "<group>";
		};
		9C330C771B34AFA2002A0D1E /* ViewControllers */ = {
			isa = PBXGroup;
			children = (
				9C7F1C3D1B91FDBD008CE136 /* Main */,
				9C6EFA341B3AFBDE00FE7A72 /* More */,
				9CF717E61B3835AC0093C636 /* Speakers */,
				9CA0F7241B374C820054197F /* Web */,
				9CC44CE01B36CE720026564D /* Feed */,
				9CC051931B34BE5E0024033A /* Schedule */,
				9CCE95381B9F817F00F9D126 /* EANavigationController.swift */,
				9C8AC0181BA1E900006B980F /* EATabbarController.swift */,
			);
			path = ViewControllers;
			sourceTree = "<group>";
		};
		9C330C921B34B0D0002A0D1E /* Speakers */ = {
			isa = PBXGroup;
			children = (
				9C330C901B34B0AF002A0D1E /* Speaker.swift */,
			);
			path = Speakers;
			sourceTree = "<group>";
		};
		9C330C931B34B0D5002A0D1E /* Tracks */ = {
			isa = PBXGroup;
			children = (
				9C330C8E1B34B0AA002A0D1E /* Track.swift */,
			);
			path = Tracks;
			sourceTree = "<group>";
		};
		9C330C941B34B0DA002A0D1E /* Locations */ = {
			isa = PBXGroup;
			children = (
				9C330C8A1B34B09E002A0D1E /* LocationConfig.swift */,
			);
			path = Locations;
			sourceTree = "<group>";
		};
		9C330C951B34B0DF002A0D1E /* Sessions */ = {
			isa = PBXGroup;
			children = (
				9C330C881B34B094002A0D1E /* Session.swift */,
			);
			path = Sessions;
			sourceTree = "<group>";
		};
		9C330C961B34B0E5002A0D1E /* Events */ = {
			isa = PBXGroup;
			children = (
				9C330C861B34B08B002A0D1E /* EventConfig.swift */,
			);
			path = Events;
			sourceTree = "<group>";
		};
		9C330C971B34B0E9002A0D1E /* Texts */ = {
			isa = PBXGroup;
			children = (
				9C330C841B34B07C002A0D1E /* TextConfig.swift */,
			);
			path = Texts;
			sourceTree = "<group>";
		};
		9C330C981B34B0ED002A0D1E /* Users */ = {
			isa = PBXGroup;
			children = (
				9C330CA31B34B164002A0D1E /* UserConfig.swift */,
				9C330CA41B34B164002A0D1E /* UserModel.swift */,
				9C330CAF1B34B198002A0D1E /* UserController.swift */,
			);
			path = Users;
			sourceTree = "<group>";
		};
		9C330C9B1B34B132002A0D1E /* News */ = {
			isa = PBXGroup;
			children = (
				9C330CA71B34B173002A0D1E /* NewsConfig.swift */,
				9C330CA81B34B173002A0D1E /* NewsController.swift */,
			);
			path = News;
			sourceTree = "<group>";
		};
		9C330C9C1B34B136002A0D1E /* Chat */ = {
			isa = PBXGroup;
			children = (
				9C330C9F1B34B14B002A0D1E /* ChatController.swift */,
				9C330C9D1B34B146002A0D1E /* ChatConfig.swift */,
			);
			path = Chat;
			sourceTree = "<group>";
		};
		9C330CB11B34B1B8002A0D1E /* Tweets */ = {
			isa = PBXGroup;
			children = (
				9C330CB21B34B1BF002A0D1E /* TwitterController.swift */,
				9C330CB31B34B1BF002A0D1E /* TweetModel.swift */,
			);
			path = Tweets;
			sourceTree = "<group>";
		};
		9C330CB61B34B1E9002A0D1E /* Configuration */ = {
			isa = PBXGroup;
			children = (
				9C330CB71B34B1FC002A0D1E /* Config.swift */,
			);
			path = Configuration;
			sourceTree = "<group>";
		};
		9C34BB831B5D85FA00C888A6 /* Swift-Font-Awesome */ = {
			isa = PBXGroup;
			children = (
				9C34BB841B5D85FA00C888A6 /* FontAwesome+UIBarButtonItem.swift */,
				9C34BB851B5D85FA00C888A6 /* FontAwesome+UIButton.swift */,
				9C34BB861B5D85FA00C888A6 /* FontAwesome+UIFont.swift */,
				9C34BB871B5D85FA00C888A6 /* FontAwesome+UIImage.swift */,
				9C34BB881B5D85FA00C888A6 /* FontAwesome+UILabel.swift */,
				9C34BB891B5D85FA00C888A6 /* FontAwesome.swift */,
				9C34BB8A1B5D85FA00C888A6 /* fontawesome.ttf */,
			);
			path = "Swift-Font-Awesome";
			sourceTree = "<group>";
		};
		9C624FDD1B53A49200C84168 /* Util */ = {
			isa = PBXGroup;
			children = (
			);
			path = Util;
			sourceTree = "<group>";
		};
		9C6EFA341B3AFBDE00FE7A72 /* More */ = {
			isa = PBXGroup;
			children = (
				9C6EFA351B3AFBFC00FE7A72 /* MoreViewController.swift */,
				9C6EFA371B3AFF4E00FE7A72 /* MDViewController.swift */,
				9C8FCAA11B4089FC00EFE8B8 /* CreditViewController.swift */,
				9CD4317E1B3BDE0D00B2E7E1 /* markdown.html */,
				9C8FCAA31B408A0F00EFE8B8 /* credits.markdown */,
			);
			path = More;
			sourceTree = "<group>";
		};
		9C7F1C3D1B91FDBD008CE136 /* Main */ = {
			isa = PBXGroup;
			children = (
				9C7F1C431B91FDD4008CE136 /* MainViewController.swift */,
			);
			name = Main;
			sourceTree = "<group>";
		};
		9CA0F7231B37490E0054197F /* Chatter */ = {
			isa = PBXGroup;
			children = (
				9C330CA11B34B159002A0D1E /* ChatViewController.swift */,
			);
			path = Chatter;
			sourceTree = "<group>";
		};
		9CA0F7241B374C820054197F /* Web */ = {
			isa = PBXGroup;
			children = (
				9CA0F7251B374C8F0054197F /* WebViewController.swift */,
			);
			path = Web;
			sourceTree = "<group>";
		};
		9CAECFB11B4ED4F0009F3D2F /* CocoaMarkdown */ = {
			isa = PBXGroup;
			children = (
				9CAECFB21B4ED510009F3D2F /* CocoaMarkdown.xcodeproj */,
			);
			path = CocoaMarkdown;
			sourceTree = "<group>";
		};
		9CAECFB31B4ED510009F3D2F /* Products */ = {
			isa = PBXGroup;
			children = (
				9CAECFBE1B4ED511009F3D2F /* CocoaMarkdown.framework */,
				9CAECFC01B4ED511009F3D2F /* CocoaMarkdownTests-iOS.xctest */,
				9CAECFC21B4ED511009F3D2F /* CocoaMarkdown.framework */,
				9CAECFC41B4ED511009F3D2F /* CocoaMarkdownTests-Mac.xctest */,
				9CAECFC61B4ED511009F3D2F /* Example-iOS.app */,
				9CAECFC81B4ED511009F3D2F /* Example-Mac.app */,
			);
			name = Products;
			sourceTree = "<group>";
		};
		9CAECFCD1B4ED633009F3D2F /* __EventFile */ = {
			isa = PBXGroup;
			children = (
				9C4653D11B938C4800E7F744 /* NSSpain15.eventblank */,
				9CAECFCE1B4ED651009F3D2F /* event-data.eventblank */,
			);
			path = __EventFile;
			sourceTree = "<group>";
		};
		9CC051931B34BE5E0024033A /* Schedule */ = {
			isa = PBXGroup;
			children = (
				9C06CADD1B34C75C0056CC5F /* NavTabButtonCell.xib */,
				9C1567A81B36ADF000C3BA74 /* Schedule.swift */,
				9CC051941B34BE710024033A /* ScheduleViewController.swift */,
				9C1C82241B3C06100002A4D1 /* SessionDetails */,
				9C1C82231B3C060B0002A4D1 /* Sessions */,
			);
			path = Schedule;
			sourceTree = "<group>";
		};
		9CC44CDB1B36C1C80026564D /* Favorite */ = {
			isa = PBXGroup;
			children = (
				9CC44CDC1B36C1D60026564D /* Favorite.swift */,
			);
			path = Favorite;
			sourceTree = "<group>";
		};
		9CC44CE01B36CE720026564D /* Feed */ = {
			isa = PBXGroup;
			children = (
				9CC44CE21B36CF260026564D /* FeedViewController.swift */,
				9C8AC00F1BA1688F006B980F /* FeedViewController+Pager.swift */,
				9CA0F7271B37504F0054197F /* TabStripNavigationController.swift */,
				9C32BF631B4FE99A00196B19 /* TweetListViewController.swift */,
				9CDF8C6D1B37FDD800CDD2B8 /* TweetCell.swift */,
				9CC44CE11B36CE770026564D /* News */,
				9CA0F7231B37490E0054197F /* Chatter */,
				9C34BB791B5D83FF00C888A6 /* TweetComposeViewController.swift */,
				9C8E49571B8A139000A5FA8D /* PhotoPopupView.swift */,
			);
			path = Feed;
			sourceTree = "<group>";
		};
		9CC44CE11B36CE770026564D /* News */ = {
			isa = PBXGroup;
			children = (
				9C330CAB1B34B179002A0D1E /* NewsViewController.swift */,
			);
			path = News;
			sourceTree = "<group>";
		};
		9CF717E61B3835AC0093C636 /* Speakers */ = {
			isa = PBXGroup;
			children = (
				9C330CAD1B34B18F002A0D1E /* SpeakersViewController.swift */,
				9CF717ED1B3844EA0093C636 /* SpeakerDetailsCell.swift */,
				9CF717EB1B3842BB0093C636 /* SpeakerDetailsViewController.swift */,
				9CF717E71B3836180093C636 /* SpeakerCell.swift */,
				9C8E49591B8A788A00A5FA8D /* FollowTwitterButton.swift */,
			);
			path = Speakers;
			sourceTree = "<group>";
		};
/* End PBXGroup section */

/* Begin PBXNativeTarget section */
		9C10A0C81AB186490052C730 /* EventBlank */ = {
			isa = PBXNativeTarget;
			buildConfigurationList = 9C10A0EA1AB186490052C730 /* Build configuration list for PBXNativeTarget "EventBlank" */;
			buildPhases = (
				49713BEA39EEB9A090D8A54C /* Check Pods Manifest.lock */,
				9C10A0C51AB186490052C730 /* Sources */,
				9C10A0C61AB186490052C730 /* Frameworks */,
				9C10A0C71AB186490052C730 /* Resources */,
				9C10A1031AB188120052C730 /* CopyFiles */,
				B451B192B487601F0ABE9F22 /* Embed Pods Frameworks */,
				39705500BD28EA73A6622586 /* Copy Pods Resources */,
			);
			buildRules = (
			);
			dependencies = (
				9C2D60B81B5AFA0600CD38BB /* PBXTargetDependency */,
			);
			name = EventBlank;
			productName = EventBlank;
			productReference = 9C10A0C91AB186490052C730 /* EventBlank.app */;
			productType = "com.apple.product-type.application";
		};
		9C10A0DF1AB186490052C730 /* EventBlankTests */ = {
			isa = PBXNativeTarget;
			buildConfigurationList = 9C10A0ED1AB186490052C730 /* Build configuration list for PBXNativeTarget "EventBlankTests" */;
			buildPhases = (
				9C10A0DC1AB186490052C730 /* Sources */,
				9C10A0DD1AB186490052C730 /* Frameworks */,
				9C10A0DE1AB186490052C730 /* Resources */,
			);
			buildRules = (
			);
			dependencies = (
				9C10A0E21AB186490052C730 /* PBXTargetDependency */,
			);
			name = EventBlankTests;
			productName = EventBlankTests;
			productReference = 9C10A0E01AB186490052C730 /* EventBlankTests.xctest */;
			productType = "com.apple.product-type.bundle.unit-test";
		};
/* End PBXNativeTarget section */

/* Begin PBXProject section */
		9C10A0C11AB186490052C730 /* Project object */ = {
			isa = PBXProject;
			attributes = {
				LastSwiftUpdateCheck = 0700;
				LastUpgradeCheck = 0640;
				ORGANIZATIONNAME = "Underplot ltd.";
				TargetAttributes = {
					9C10A0C81AB186490052C730 = {
						CreatedOnToolsVersion = 6.2;
						DevelopmentTeam = 9MF8G8D9Y5;
					};
					9C10A0DF1AB186490052C730 = {
						CreatedOnToolsVersion = 6.2;
						TestTargetID = 9C10A0C81AB186490052C730;
					};
				};
			};
			buildConfigurationList = 9C10A0C41AB186490052C730 /* Build configuration list for PBXProject "EventBlank" */;
			compatibilityVersion = "Xcode 3.2";
			developmentRegion = English;
			hasScannedForEncodings = 0;
			knownRegions = (
				en,
				Base,
			);
			mainGroup = 9C10A0C01AB186490052C730;
			productRefGroup = 9C10A0CA1AB186490052C730 /* Products */;
			projectDirPath = "";
			projectReferences = (
				{
					ProductGroup = 9CAECFB31B4ED510009F3D2F /* Products */;
					ProjectRef = 9CAECFB21B4ED510009F3D2F /* CocoaMarkdown.xcodeproj */;
				},
			);
			projectRoot = "";
			targets = (
				9C10A0C81AB186490052C730 /* EventBlank */,
				9C10A0DF1AB186490052C730 /* EventBlankTests */,
			);
		};
/* End PBXProject section */

/* Begin PBXReferenceProxy section */
		9CAECFBE1B4ED511009F3D2F /* CocoaMarkdown.framework */ = {
			isa = PBXReferenceProxy;
			fileType = wrapper.framework;
			path = CocoaMarkdown.framework;
			remoteRef = 9CAECFBD1B4ED511009F3D2F /* PBXContainerItemProxy */;
			sourceTree = BUILT_PRODUCTS_DIR;
		};
		9CAECFC01B4ED511009F3D2F /* CocoaMarkdownTests-iOS.xctest */ = {
			isa = PBXReferenceProxy;
			fileType = wrapper.cfbundle;
			path = "CocoaMarkdownTests-iOS.xctest";
			remoteRef = 9CAECFBF1B4ED511009F3D2F /* PBXContainerItemProxy */;
			sourceTree = BUILT_PRODUCTS_DIR;
		};
		9CAECFC21B4ED511009F3D2F /* CocoaMarkdown.framework */ = {
			isa = PBXReferenceProxy;
			fileType = wrapper.framework;
			path = CocoaMarkdown.framework;
			remoteRef = 9CAECFC11B4ED511009F3D2F /* PBXContainerItemProxy */;
			sourceTree = BUILT_PRODUCTS_DIR;
		};
		9CAECFC41B4ED511009F3D2F /* CocoaMarkdownTests-Mac.xctest */ = {
			isa = PBXReferenceProxy;
			fileType = wrapper.cfbundle;
			path = "CocoaMarkdownTests-Mac.xctest";
			remoteRef = 9CAECFC31B4ED511009F3D2F /* PBXContainerItemProxy */;
			sourceTree = BUILT_PRODUCTS_DIR;
		};
		9CAECFC61B4ED511009F3D2F /* Example-iOS.app */ = {
			isa = PBXReferenceProxy;
			fileType = wrapper.application;
			path = "Example-iOS.app";
			remoteRef = 9CAECFC51B4ED511009F3D2F /* PBXContainerItemProxy */;
			sourceTree = BUILT_PRODUCTS_DIR;
		};
		9CAECFC81B4ED511009F3D2F /* Example-Mac.app */ = {
			isa = PBXReferenceProxy;
			fileType = wrapper.application;
			path = "Example-Mac.app";
			remoteRef = 9CAECFC71B4ED511009F3D2F /* PBXContainerItemProxy */;
			sourceTree = BUILT_PRODUCTS_DIR;
		};
/* End PBXReferenceProxy section */

/* Begin PBXResourcesBuildPhase section */
		9C10A0C71AB186490052C730 /* Resources */ = {
			isa = PBXResourcesBuildPhase;
			buildActionMask = 2147483647;
			files = (
				9C8FCAA71B408C0D00EFE8B8 /* credits.markdown in Resources */,
				9C51200B1B943458003A5DB4 /* CREDITS.txt in Resources */,
				9C0EA66A1B34AD3B0099337C /* Podfile in Resources */,
				9C4653D21B938C4800E7F744 /* NSSpain15.eventblank in Resources */,
				9CD4317F1B3BDE0D00B2E7E1 /* markdown.html in Resources */,
				9C10A0D61AB186490052C730 /* Main.storyboard in Resources */,
				9C10A0DB1AB186490052C730 /* LaunchScreen.xib in Resources */,
				9CAECFCF1B4ED651009F3D2F /* event-data.eventblank in Resources */,
				9C8FCA9A1B40881300EFE8B8 /* Pods-acknowledgements.plist in Resources */,
				9C34BB911B5D85FA00C888A6 /* fontawesome.ttf in Resources */,
				9C06CADE1B34C75C0056CC5F /* NavTabButtonCell.xib in Resources */,
				9C10A0D81AB186490052C730 /* Images.xcassets in Resources */,
				9CC44CDF1B36C47D0026564D /* appdata.db in Resources */,
			);
			runOnlyForDeploymentPostprocessing = 0;
		};
		9C10A0DE1AB186490052C730 /* Resources */ = {
			isa = PBXResourcesBuildPhase;
			buildActionMask = 2147483647;
			files = (
			);
			runOnlyForDeploymentPostprocessing = 0;
		};
/* End PBXResourcesBuildPhase section */

/* Begin PBXShellScriptBuildPhase section */
		39705500BD28EA73A6622586 /* Copy Pods Resources */ = {
			isa = PBXShellScriptBuildPhase;
			buildActionMask = 2147483647;
			files = (
			);
			inputPaths = (
			);
			name = "Copy Pods Resources";
			outputPaths = (
			);
			runOnlyForDeploymentPostprocessing = 0;
			shellPath = /bin/sh;
			shellScript = "\"${SRCROOT}/Pods/Target Support Files/Pods/Pods-resources.sh\"\n";
			showEnvVarsInLog = 0;
		};
		49713BEA39EEB9A090D8A54C /* Check Pods Manifest.lock */ = {
			isa = PBXShellScriptBuildPhase;
			buildActionMask = 2147483647;
			files = (
			);
			inputPaths = (
			);
			name = "Check Pods Manifest.lock";
			outputPaths = (
			);
			runOnlyForDeploymentPostprocessing = 0;
			shellPath = /bin/sh;
			shellScript = "diff \"${PODS_ROOT}/../Podfile.lock\" \"${PODS_ROOT}/Manifest.lock\" > /dev/null\nif [[ $? != 0 ]] ; then\n    cat << EOM\nerror: The sandbox is not in sync with the Podfile.lock. Run 'pod install' or update your CocoaPods installation.\nEOM\n    exit 1\nfi\n";
			showEnvVarsInLog = 0;
		};
		B451B192B487601F0ABE9F22 /* Embed Pods Frameworks */ = {
			isa = PBXShellScriptBuildPhase;
			buildActionMask = 2147483647;
			files = (
			);
			inputPaths = (
			);
			name = "Embed Pods Frameworks";
			outputPaths = (
			);
			runOnlyForDeploymentPostprocessing = 0;
			shellPath = /bin/sh;
			shellScript = "\"${SRCROOT}/Pods/Target Support Files/Pods/Pods-frameworks.sh\"\n";
			showEnvVarsInLog = 0;
		};
/* End PBXShellScriptBuildPhase section */

/* Begin PBXSourcesBuildPhase section */
		9C10A0C51AB186490052C730 /* Sources */ = {
			isa = PBXSourcesBuildPhase;
			buildActionMask = 2147483647;
			files = (
				9C330C8D1B34B0A4002A0D1E /* EntityConfig.swift in Sources */,
				9C330CB51B34B1BF002A0D1E /* TweetModel.swift in Sources */,
				9C330C9E1B34B146002A0D1E /* ChatConfig.swift in Sources */,
				9CC44CDD1B36C1D60026564D /* Favorite.swift in Sources */,
				9C1C82221B3C04400002A4D1 /* SessionDetailsViewController.swift in Sources */,
				9C34BB8D1B5D85FA00C888A6 /* FontAwesome+UIFont.swift in Sources */,
				9C330CAE1B34B18F002A0D1E /* SpeakersViewController.swift in Sources */,
				9CA0F7221B37475A0054197F /* SQLite+Extensions.swift in Sources */,
				9C1567A91B36ADF000C3BA74 /* Schedule.swift in Sources */,
				9C330CA21B34B159002A0D1E /* ChatViewController.swift in Sources */,
				9C330CB01B34B198002A0D1E /* UserController.swift in Sources */,
				9C330C9A1B34B122002A0D1E /* DatabaseProvider.swift in Sources */,
				9C330C891B34B094002A0D1E /* Session.swift in Sources */,
				9C330C8F1B34B0AA002A0D1E /* Track.swift in Sources */,
				9C7F1C441B91FDD4008CE136 /* MainViewController.swift in Sources */,
				9C330C871B34B08B002A0D1E /* EventConfig.swift in Sources */,
				9CD078001B3BF7FF008DB96C /* MessageView.swift in Sources */,
				9CA0F7281B37504F0054197F /* TabStripNavigationController.swift in Sources */,
				9CA0F72A1B375E960054197F /* RefreshView.swift in Sources */,
				9C330CAA1B34B173002A0D1E /* NewsController.swift in Sources */,
				9C8AC0191BA1E900006B980F /* EATabbarController.swift in Sources */,
				9C8FCAA51B408BE100EFE8B8 /* credits.markdown in Sources */,
				9C10A1081AB188C80052C730 /* Ext.swift in Sources */,
				9CF717EE1B3844EA0093C636 /* SpeakerDetailsCell.swift in Sources */,
				9C8E495A1B8A788A00A5FA8D /* FollowTwitterButton.swift in Sources */,
				9CA0F7261B374C8F0054197F /* WebViewController.swift in Sources */,
				9C624FEF1B53CDE300C84168 /* OrderedMap.swift in Sources */,
				9C330CA01B34B14B002A0D1E /* ChatController.swift in Sources */,
				9CCE95391B9F817F00F9D126 /* EANavigationController.swift in Sources */,
				9C10A0CF1AB186490052C730 /* AppDelegate.swift in Sources */,
				9C34BB7A1B5D83FF00C888A6 /* TweetComposeViewController.swift in Sources */,
				9C330CA51B34B164002A0D1E /* UserConfig.swift in Sources */,
				9C3487CC1B88C48300FB0973 /* UIView+Extensions.swift in Sources */,
				9C34BB8F1B5D85FA00C888A6 /* FontAwesome+UILabel.swift in Sources */,
				9CC051951B34BE710024033A /* ScheduleViewController.swift in Sources */,
				9C624FE91B53AE6200C84168 /* FilePath.swift in Sources */,
				9CDF8C6E1B37FDD800CDD2B8 /* TweetCell.swift in Sources */,
				9C330C911B34B0AF002A0D1E /* Speaker.swift in Sources */,
				9C32BF641B4FE99A00196B19 /* TweetListViewController.swift in Sources */,
				9C330CA91B34B173002A0D1E /* NewsConfig.swift in Sources */,
				9C06CAE61B34D4160056CC5F /* SessionCell.swift in Sources */,
				9C624FED1B53BA9B00C84168 /* UpdateManager.swift in Sources */,
				9C6EFA361B3AFBFC00FE7A72 /* MoreViewController.swift in Sources */,
				9C1C821A1B3C03AA0002A4D1 /* SessionDetailsCell.swift in Sources */,
				9C34BB8C1B5D85FA00C888A6 /* FontAwesome+UIButton.swift in Sources */,
				9C330CB41B34B1BF002A0D1E /* TwitterController.swift in Sources */,
				9CF717EA1B383C5A0093C636 /* String.swift in Sources */,
				9CF717E81B3836180093C636 /* SpeakerCell.swift in Sources */,
				9C34BB8B1B5D85FA00C888A6 /* FontAwesome+UIBarButtonItem.swift in Sources */,
				9C34BB8E1B5D85FA00C888A6 /* FontAwesome+UIImage.swift in Sources */,
				9C34BB901B5D85FA00C888A6 /* FontAwesome.swift in Sources */,
				9C8AC0101BA1688F006B980F /* FeedViewController+Pager.swift in Sources */,
				9CC44CE31B36CF260026564D /* FeedViewController.swift in Sources */,
				9C5057381B5AE42000D71885 /* ViewController+Extensions.swift in Sources */,
				9C6CD5111B58F99F00B62C36 /* StatusBarDownloadProgressView.swift in Sources */,
				9C8E49581B8A139000A5FA8D /* PhotoPopupView.swift in Sources */,
				9C624FE71B53A4E600C84168 /* FreshFile.swift in Sources */,
				9C330CB81B34B1FC002A0D1E /* Config.swift in Sources */,
				9CF717EC1B3842BB0093C636 /* SpeakerDetailsViewController.swift in Sources */,
				9C330C8B1B34B09E002A0D1E /* LocationConfig.swift in Sources */,
				9C330C851B34B07C002A0D1E /* TextConfig.swift in Sources */,
				9C330CAC1B34B179002A0D1E /* NewsViewController.swift in Sources */,
				9C6EFA381B3AFF4E00FE7A72 /* MDViewController.swift in Sources */,
				9CF717F01B384A750093C636 /* Notification.swift in Sources */,
				9C8AC0171BA16F8E006B980F /* UIImage+Extension.swift in Sources */,
				9C330CA61B34B164002A0D1E /* UserModel.swift in Sources */,
				9C330C831B34B005002A0D1E /* AF+Date+Extension.swift in Sources */,
				9C06CAE01B34C95E0056CC5F /* SessionsViewController.swift in Sources */,
				9C8FCAA21B4089FC00EFE8B8 /* CreditViewController.swift in Sources */,
			);
			runOnlyForDeploymentPostprocessing = 0;
		};
		9C10A0DC1AB186490052C730 /* Sources */ = {
			isa = PBXSourcesBuildPhase;
			buildActionMask = 2147483647;
			files = (
				9C10A0E71AB186490052C730 /* EventBlankTests.swift in Sources */,
			);
			runOnlyForDeploymentPostprocessing = 0;
		};
/* End PBXSourcesBuildPhase section */

/* Begin PBXTargetDependency section */
		9C10A0E21AB186490052C730 /* PBXTargetDependency */ = {
			isa = PBXTargetDependency;
			target = 9C10A0C81AB186490052C730 /* EventBlank */;
			targetProxy = 9C10A0E11AB186490052C730 /* PBXContainerItemProxy */;
		};
		9C2D60B81B5AFA0600CD38BB /* PBXTargetDependency */ = {
			isa = PBXTargetDependency;
			name = "CocoaMarkdown-iOS";
			targetProxy = 9C2D60B71B5AFA0600CD38BB /* PBXContainerItemProxy */;
		};
/* End PBXTargetDependency section */

/* Begin PBXVariantGroup section */
		9C10A0D41AB186490052C730 /* Main.storyboard */ = {
			isa = PBXVariantGroup;
			children = (
				9C10A0D51AB186490052C730 /* Base */,
			);
			name = Main.storyboard;
			path = .;
			sourceTree = "<group>";
		};
		9C10A0D91AB186490052C730 /* LaunchScreen.xib */ = {
			isa = PBXVariantGroup;
			children = (
				9C10A0DA1AB186490052C730 /* Base */,
			);
			name = LaunchScreen.xib;
			path = .;
			sourceTree = "<group>";
		};
/* End PBXVariantGroup section */

/* Begin XCBuildConfiguration section */
		9C10A0E81AB186490052C730 /* Debug */ = {
			isa = XCBuildConfiguration;
			buildSettings = {
				ALWAYS_SEARCH_USER_PATHS = NO;
				CLANG_CXX_LANGUAGE_STANDARD = "gnu++0x";
				CLANG_CXX_LIBRARY = "libc++";
				CLANG_ENABLE_MODULES = YES;
				CLANG_ENABLE_OBJC_ARC = YES;
				CLANG_WARN_BOOL_CONVERSION = YES;
				CLANG_WARN_CONSTANT_CONVERSION = YES;
				CLANG_WARN_DIRECT_OBJC_ISA_USAGE = YES_ERROR;
				CLANG_WARN_EMPTY_BODY = YES;
				CLANG_WARN_ENUM_CONVERSION = YES;
				CLANG_WARN_INT_CONVERSION = YES;
				CLANG_WARN_OBJC_ROOT_CLASS = YES_ERROR;
				CLANG_WARN_UNREACHABLE_CODE = YES;
				CLANG_WARN__DUPLICATE_METHOD_MATCH = YES;
				"CODE_SIGN_IDENTITY[sdk=iphoneos*]" = "iPhone Developer";
				COPY_PHASE_STRIP = NO;
				ENABLE_STRICT_OBJC_MSGSEND = YES;
				GCC_C_LANGUAGE_STANDARD = gnu99;
				GCC_DYNAMIC_NO_PIC = NO;
				GCC_OPTIMIZATION_LEVEL = 0;
				GCC_PREPROCESSOR_DEFINITIONS = (
					"DEBUG=1",
					"$(inherited)",
				);
				GCC_SYMBOLS_PRIVATE_EXTERN = NO;
				GCC_WARN_64_TO_32_BIT_CONVERSION = YES;
				GCC_WARN_ABOUT_RETURN_TYPE = YES_ERROR;
				GCC_WARN_UNDECLARED_SELECTOR = YES;
				GCC_WARN_UNINITIALIZED_AUTOS = YES_AGGRESSIVE;
				GCC_WARN_UNUSED_FUNCTION = YES;
				GCC_WARN_UNUSED_VARIABLE = YES;
				IPHONEOS_DEPLOYMENT_TARGET = 8.3;
				MTL_ENABLE_DEBUG_INFO = YES;
				ONLY_ACTIVE_ARCH = YES;
				SDKROOT = iphoneos;
				SWIFT_OPTIMIZATION_LEVEL = "-Onone";
			};
			name = Debug;
		};
		9C10A0E91AB186490052C730 /* Release */ = {
			isa = XCBuildConfiguration;
			buildSettings = {
				ALWAYS_SEARCH_USER_PATHS = NO;
				CLANG_CXX_LANGUAGE_STANDARD = "gnu++0x";
				CLANG_CXX_LIBRARY = "libc++";
				CLANG_ENABLE_MODULES = YES;
				CLANG_ENABLE_OBJC_ARC = YES;
				CLANG_WARN_BOOL_CONVERSION = YES;
				CLANG_WARN_CONSTANT_CONVERSION = YES;
				CLANG_WARN_DIRECT_OBJC_ISA_USAGE = YES_ERROR;
				CLANG_WARN_EMPTY_BODY = YES;
				CLANG_WARN_ENUM_CONVERSION = YES;
				CLANG_WARN_INT_CONVERSION = YES;
				CLANG_WARN_OBJC_ROOT_CLASS = YES_ERROR;
				CLANG_WARN_UNREACHABLE_CODE = YES;
				CLANG_WARN__DUPLICATE_METHOD_MATCH = YES;
				"CODE_SIGN_IDENTITY[sdk=iphoneos*]" = "iPhone Developer";
				COPY_PHASE_STRIP = NO;
				ENABLE_NS_ASSERTIONS = NO;
				ENABLE_STRICT_OBJC_MSGSEND = YES;
				GCC_C_LANGUAGE_STANDARD = gnu99;
				GCC_WARN_64_TO_32_BIT_CONVERSION = YES;
				GCC_WARN_ABOUT_RETURN_TYPE = YES_ERROR;
				GCC_WARN_UNDECLARED_SELECTOR = YES;
				GCC_WARN_UNINITIALIZED_AUTOS = YES_AGGRESSIVE;
				GCC_WARN_UNUSED_FUNCTION = YES;
				GCC_WARN_UNUSED_VARIABLE = YES;
				IPHONEOS_DEPLOYMENT_TARGET = 8.3;
				MTL_ENABLE_DEBUG_INFO = NO;
				SDKROOT = iphoneos;
				VALIDATE_PRODUCT = YES;
			};
			name = Release;
		};
		9C10A0EB1AB186490052C730 /* Debug */ = {
			isa = XCBuildConfiguration;
			baseConfigurationReference = B2F9D2E5254DB9D7F95D6C03 /* Pods.debug.xcconfig */;
			buildSettings = {
				ASSETCATALOG_COMPILER_APPICON_NAME = AppIcon;
				CODE_SIGN_IDENTITY = "iPhone Developer";
				INFOPLIST_FILE = "EventBlank/Supporting Files/Info.plist";
				LD_RUNPATH_SEARCH_PATHS = "$(inherited) @executable_path/Frameworks";
				PRODUCT_NAME = "$(TARGET_NAME)";
			};
			name = Debug;
		};
		9C10A0EC1AB186490052C730 /* Release */ = {
			isa = XCBuildConfiguration;
			baseConfigurationReference = 106062F49854E430EC4B1FC5 /* Pods.release.xcconfig */;
			buildSettings = {
				ASSETCATALOG_COMPILER_APPICON_NAME = AppIcon;
				CODE_SIGN_IDENTITY = "iPhone Developer";
				"CODE_SIGN_IDENTITY[sdk=iphoneos*]" = "iPhone Distribution";
				INFOPLIST_FILE = "EventBlank/Supporting Files/Info.plist";
				LD_RUNPATH_SEARCH_PATHS = "$(inherited) @executable_path/Frameworks";
				PRODUCT_NAME = "$(TARGET_NAME)";
				PROVISIONING_PROFILE = "2e43492c-cdde-4aff-8e31-b8b3810b8641";
			};
			name = Release;
		};
		9C10A0EE1AB186490052C730 /* Debug */ = {
			isa = XCBuildConfiguration;
			buildSettings = {
				BUNDLE_LOADER = "$(TEST_HOST)";
				FRAMEWORK_SEARCH_PATHS = (
					"$(SDKROOT)/Developer/Library/Frameworks",
					"$(inherited)",
				);
				GCC_PREPROCESSOR_DEFINITIONS = (
					"DEBUG=1",
					"$(inherited)",
				);
				INFOPLIST_FILE = "EventBlankTests/Supporting Files/Info.plist";
				LD_RUNPATH_SEARCH_PATHS = "$(inherited) @executable_path/Frameworks @loader_path/Frameworks";
				PRODUCT_NAME = "$(TARGET_NAME)";
				TEST_HOST = "$(BUILT_PRODUCTS_DIR)/EventBlank.app/EventBlank";
			};
			name = Debug;
		};
		9C10A0EF1AB186490052C730 /* Release */ = {
			isa = XCBuildConfiguration;
			buildSettings = {
				BUNDLE_LOADER = "$(TEST_HOST)";
				FRAMEWORK_SEARCH_PATHS = (
					"$(SDKROOT)/Developer/Library/Frameworks",
					"$(inherited)",
				);
				INFOPLIST_FILE = "EventBlankTests/Supporting Files/Info.plist";
				LD_RUNPATH_SEARCH_PATHS = "$(inherited) @executable_path/Frameworks @loader_path/Frameworks";
				PRODUCT_NAME = "$(TARGET_NAME)";
				TEST_HOST = "$(BUILT_PRODUCTS_DIR)/EventBlank.app/EventBlank";
			};
			name = Release;
		};
/* End XCBuildConfiguration section */

/* Begin XCConfigurationList section */
		9C10A0C41AB186490052C730 /* Build configuration list for PBXProject "EventBlank" */ = {
			isa = XCConfigurationList;
			buildConfigurations = (
				9C10A0E81AB186490052C730 /* Debug */,
				9C10A0E91AB186490052C730 /* Release */,
			);
			defaultConfigurationIsVisible = 0;
			defaultConfigurationName = Release;
		};
		9C10A0EA1AB186490052C730 /* Build configuration list for PBXNativeTarget "EventBlank" */ = {
			isa = XCConfigurationList;
			buildConfigurations = (
				9C10A0EB1AB186490052C730 /* Debug */,
				9C10A0EC1AB186490052C730 /* Release */,
			);
			defaultConfigurationIsVisible = 0;
			defaultConfigurationName = Release;
		};
		9C10A0ED1AB186490052C730 /* Build configuration list for PBXNativeTarget "EventBlankTests" */ = {
			isa = XCConfigurationList;
			buildConfigurations = (
				9C10A0EE1AB186490052C730 /* Debug */,
				9C10A0EF1AB186490052C730 /* Release */,
			);
			defaultConfigurationIsVisible = 0;
			defaultConfigurationName = Release;
		};
/* End XCConfigurationList section */
	};
	rootObject = 9C10A0C11AB186490052C730 /* Project object */;
}
